
Microsoft Visual Studio Solution File, Format Version 12.00
# Visual Studio Version 17
VisualStudioVersion = 17.9.34714.143
MinimumVisualStudioVersion = 10.0.40219.1
Project("{9A19103F-16F7-4668-BE54-9A1E7A4F7556}") = "ContactsMangeger.UI", "ContactsMangeger.UI\ContactsMangeger.UI.csproj", "{296F91D7-389C-4BA5-8339-05F93B2E7646}"
EndProject
Project("{2150E333-8FDC-42A3-9474-1A3956D46DE8}") = "src", "src", "{5A3C8049-2C87-4CF6-AE19-405616C2B5B4}"
EndProject
Project("{2150E333-8FDC-42A3-9474-1A3956D46DE8}") = "tests", "tests", "{117EA3C6-8DB6-4412-8683-91FBAF820DCD}"
EndProject
Project("{9A19103F-16F7-4668-BE54-9A1E7A4F7556}") = "ContactsMangeger.Core", "ContactsMangeger.Core\ContactsMangeger.Core.csproj", "{389775E9-7A69-4B53-86B8-FB2D2A2DFBB9}"
EndProject
Project("{9A19103F-16F7-4668-BE54-9A1E7A4F7556}") = "ContactsMangeger.Infrastructure", "ContactsMangeger.Infrastructure\ContactsMangeger.Infrastructure.csproj", "{C9EB1081-3BA8-4189-BF70-A2FFF473BFAC}"
EndProject
Project("{FAE04EC0-301F-11D3-BF4B-00C04F79EFBC}") = "ContactsMangeger.ServiceTests", "ContactsMangegerServiceTests\ContactsMangeger.ServiceTests.csproj", "{DE54BF47-1068-4FD4-887C-A821CDBD60BE}"
EndProject
Project("{FAE04EC0-301F-11D3-BF4B-00C04F79EFBC}") = "ContactsMangeger.ControllerTests", "ContactsMangegerControllerTests\ContactsMangeger.ControllerTests.csproj", "{B710EA73-9764-4111-9482-3DB1D378018D}"
EndProject
Project("{FAE04EC0-301F-11D3-BF4B-00C04F79EFBC}") = "ContactsMangeger.IntergrationTests", "ContactsMangegerIntergrationTests\ContactsMangeger.IntergrationTests.csproj", "{A1263B97-F583-4579-B06E-C8D4E6167F23}"
EndProject
Global
	GlobalSection(SolutionConfigurationPlatforms) = preSolution
		Debug|Any CPU = Debug|Any CPU
		Release|Any CPU = Release|Any CPU
	EndGlobalSection
	GlobalSection(ProjectConfigurationPlatforms) = postSolution
		{296F91D7-389C-4BA5-8339-05F93B2E7646}.Debug|Any CPU.ActiveCfg = Debug|Any CPU
		{296F91D7-389C-4BA5-8339-05F93B2E7646}.Debug|Any CPU.Build.0 = Debug|Any CPU
		{296F91D7-389C-4BA5-8339-05F93B2E7646}.Release|Any CPU.ActiveCfg = Release|Any CPU
		{296F91D7-389C-4BA5-8339-05F93B2E7646}.Release|Any CPU.Build.0 = Release|Any CPU
		{389775E9-7A69-4B53-86B8-FB2D2A2DFBB9}.Debug|Any CPU.ActiveCfg = Debug|Any CPU
		{389775E9-7A69-4B53-86B8-FB2D2A2DFBB9}.Debug|Any CPU.Build.0 = Debug|Any CPU
		{389775E9-7A69-4B53-86B8-FB2D2A2DFBB9}.Release|Any CPU.ActiveCfg = Release|Any CPU
		{389775E9-7A69-4B53-86B8-FB2D2A2DFBB9}.Release|Any CPU.Build.0 = Release|Any CPU
		{C9EB1081-3BA8-4189-BF70-A2FFF473BFAC}.Debug|Any CPU.ActiveCfg = Debug|Any CPU
		{C9EB1081-3BA8-4189-BF70-A2FFF473BFAC}.Debug|Any CPU.Build.0 = Debug|Any CPU
		{C9EB1081-3BA8-4189-BF70-A2FFF473BFAC}.Release|Any CPU.ActiveCfg = Release|Any CPU
		{C9EB1081-3BA8-4189-BF70-A2FFF473BFAC}.Release|Any CPU.Build.0 = Release|Any CPU
		{DE54BF47-1068-4FD4-887C-A821CDBD60BE}.Debug|Any CPU.ActiveCfg = Debug|Any CPU
		{DE54BF47-1068-4FD4-887C-A821CDBD60BE}.Debug|Any CPU.Build.0 = Debug|Any CPU
		{DE54BF47-1068-4FD4-887C-A821CDBD60BE}.Release|Any CPU.ActiveCfg = Release|Any CPU
		{DE54BF47-1068-4FD4-887C-A821CDBD60BE}.Release|Any CPU.Build.0 = Release|Any CPU
		{B710EA73-9764-4111-9482-3DB1D378018D}.Debug|Any CPU.ActiveCfg = Debug|Any CPU
		{B710EA73-9764-4111-9482-3DB1D378018D}.Debug|Any CPU.Build.0 = Debug|Any CPU
		{B710EA73-9764-4111-9482-3DB1D378018D}.Release|Any CPU.ActiveCfg = Release|Any CPU
		{B710EA73-9764-4111-9482-3DB1D378018D}.Release|Any CPU.Build.0 = Release|Any CPU
		{A1263B97-F583-4579-B06E-C8D4E6167F23}.Debug|Any CPU.ActiveCfg = Debug|Any CPU
		{A1263B97-F583-4579-B06E-C8D4E6167F23}.Debug|Any CPU.Build.0 = Debug|Any CPU
		{A1263B97-F583-4579-B06E-C8D4E6167F23}.Release|Any CPU.ActiveCfg = Release|Any CPU
		{A1263B97-F583-4579-B06E-C8D4E6167F23}.Release|Any CPU.Build.0 = Release|Any CPU
	EndGlobalSection
	GlobalSection(SolutionProperties) = preSolution
		HideSolutionNode = FALSE
	EndGlobalSection
	GlobalSection(NestedProjects) = preSolution
		{296F91D7-389C-4BA5-8339-05F93B2E7646} = {5A3C8049-2C87-4CF6-AE19-405616C2B5B4}
		{389775E9-7A69-4B53-86B8-FB2D2A2DFBB9} = {5A3C8049-2C87-4CF6-AE19-405616C2B5B4}
		{C9EB1081-3BA8-4189-BF70-A2FFF473BFAC} = {5A3C8049-2C87-4CF6-AE19-405616C2B5B4}
		{DE54BF47-1068-4FD4-887C-A821CDBD60BE} = {117EA3C6-8DB6-4412-8683-91FBAF820DCD}
		{B710EA73-9764-4111-9482-3DB1D378018D} = {117EA3C6-8DB6-4412-8683-91FBAF820DCD}
		{A1263B97-F583-4579-B06E-C8D4E6167F23} = {117EA3C6-8DB6-4412-8683-91FBAF820DCD}
	EndGlobalSection
	GlobalSection(ExtensibilityGlobals) = postSolution
		SolutionGuid = {AA7BB908-9C75-4313-9A75-487C9174F239}
	EndGlobalSection
EndGlobal
